<?xml version="1.0" encoding="utf-8"?>
<Project ToolsVersion="4.0" xmlns="http://schemas.microsoft.com/developer/msbuild/2003">
  <ItemGroup>
    <Filter Include="Исходные файлы">
      <UniqueIdentifier>{4FC737F1-C7A5-4376-A066-2A32D752A2FF}</UniqueIdentifier>
      <Extensions>cpp;c;cc;cxx;c++;cppm;ixx;def;odl;idl;hpj;bat;asm;asmx</Extensions>
    </Filter>
    <Filter Include="Файлы заголовков">
      <UniqueIdentifier>{93995380-89BD-4b04-88EB-625FBE52EBFB}</UniqueIdentifier>
      <Extensions>h;hh;hpp;hxx;h++;hm;inl;inc;ipp;xsd</Extensions>
    </Filter>
    <Filter Include="Файлы ресурсов">
      <UniqueIdentifier>{67DA6AB6-F800-4c08-8B7A-83BB121AAD01}</UniqueIdentifier>
      <Extensions>rc;ico;cur;bmp;dlg;rc2;rct;bin;rgs;gif;jpg;jpeg;jpe;resx;tiff;tif;png;wav;mfcribbon-ms</Extensions>
    </Filter>
    <Filter Include="Исходные файлы\Model">
      <UniqueIdentifier>{a0becfc9-6adc-4836-8022-f3073f3e23d1}</UniqueIdentifier>
    </Filter>
    <Filter Include="Исходные файлы\Control">
      <UniqueIdentifier>{5301d7a1-7d40-4f46-8a1f-087d41a4d39c}</UniqueIdentifier>
    </Filter>
    <Filter Include="Исходные файлы\view">
      <UniqueIdentifier>{e6ea63f7-4f44-40fd-a9cd-eb14a807e93c}</UniqueIdentifier>
    </Filter>
  </ItemGroup>
  <ItemGroup>
    <ClCompile Include="maining.cpp">
      <Filter>Исходные файлы</Filter>
    </ClCompile>
    <ClCompile Include="UIController.cpp">
      <Filter>Исходные файлы\view</Filter>
    </ClCompile>
    <ClCompile Include="InputController.cpp">
      <Filter>Исходные файлы\view</Filter>
    </ClCompile>
    <ClCompile Include="OutputController.cpp">
      <Filter>Исходные файлы\view</Filter>
    </ClCompile>
    <ClCompile Include="UIControllerHEAD.cpp">
      <Filter>Исходные файлы</Filter>
    </ClCompile>
  </ItemGroup>
  <ItemGroup>
    <ClInclude Include="UIControler.h">
      <Filter>Файлы заголовков</Filter>
    </ClInclude>
    <ClInclude Include="UIControllerHEAD.h">
      <Filter>Исходные файлы\view</Filter>
    </ClInclude>
    <ClInclude Include="InputController.h">
      <Filter>Исходные файлы\view</Filter>
    </ClInclude>
    <ClInclude Include="OutputController.h">
      <Filter>Исходные файлы\view</Filter>
    </ClInclude>
    <ClInclude Include="Calculator.h">
      <Filter>Исходные файлы\Control</Filter>
    </ClInclude>
    <ClInclude Include="links.h">
      <Filter>Исходные файлы\Control</Filter>
    </ClInclude>
    <ClInclude Include="Discriminant.h">
      <Filter>Исходные файлы\Control</Filter>
    </ClInclude>
    <ClInclude Include="Secret.h">
      <Filter>Исходные файлы\Control</Filter>
    </ClInclude>
  </ItemGroup>
</Project>